
Microsoft Visual Studio Solution File, Format Version 12.00
# Visual Studio 15
VisualStudioVersion = 15.0.27703.2042
MinimumVisualStudioVersion = 10.0.40219.1
Project("{FAE04EC0-301F-11D3-BF4B-00C04F79EFBC}") = "Interface", "Interface\Interface.csproj", "{7C291339-123D-4D8E-91DB-A7586AE8CECF}"
EndProject
Global
	GlobalSection(SolutionConfigurationPlatforms) = preSolution
		Debug|Any CPU = Debug|Any CPU
		Release|Any CPU = Release|Any CPU
	EndGlobalSection
	GlobalSection(ProjectConfigurationPlatforms) = postSolution
		{7C291339-123D-4D8E-91DB-A7586AE8CECF}.Debug|Any CPU.ActiveCfg = Debug|Any CPU
		{7C291339-123D-4D8E-91DB-A7586AE8CECF}.Debug|Any CPU.Build.0 = Debug|Any CPU
		{7C291339-123D-4D8E-91DB-A7586AE8CECF}.Release|Any CPU.ActiveCfg = Release|Any CPU
		{7C291339-123D-4D8E-91DB-A7586AE8CECF}.Release|Any CPU.Build.0 = Release|Any CPU
	EndGlobalSection
	GlobalSection(SolutionProperties) = preSolution
		HideSolutionNode = FALSE
	EndGlobalSection
	GlobalSection(ExtensibilityGlobals) = postSolution
		SolutionGuid = {E68091E3-1DED-4F5E-839B-E4F0EC8CCD8A}
	EndGlobalSection
EndGlobal
